// !$*UTF8*$!
{
	archiveVersion = 1;
	classes = {
	};
	objectVersion = 46;
	objects = {

/* Begin PBXBuildFile section */
		775D510E19496D95008B3108 /* Foundation.framework in Frameworks */ = {isa = PBXBuildFile; fileRef = 775D510D19496D95008B3108 /* Foundation.framework */; };
		775D511019496D95008B3108 /* CoreGraphics.framework in Frameworks */ = {isa = PBXBuildFile; fileRef = 775D510F19496D95008B3108 /* CoreGraphics.framework */; };
		775D511219496D95008B3108 /* UIKit.framework in Frameworks */ = {isa = PBXBuildFile; fileRef = 775D511119496D95008B3108 /* UIKit.framework */; };
		775D511819496D95008B3108 /* InfoPlist.strings in Resources */ = {isa = PBXBuildFile; fileRef = 775D511619496D95008B3108 /* InfoPlist.strings */; };
		775D511A19496D95008B3108 /* main.m in Sources */ = {isa = PBXBuildFile; fileRef = 775D511919496D95008B3108 /* main.m */; };
		775D511E19496D95008B3108 /* AppDelegate.m in Sources */ = {isa = PBXBuildFile; fileRef = 775D511D19496D95008B3108 /* AppDelegate.m */; };
		775D512019496D95008B3108 /* Images.xcassets in Resources */ = {isa = PBXBuildFile; fileRef = 775D511F19496D95008B3108 /* Images.xcassets */; };
		775D512719496D95008B3108 /* XCTest.framework in Frameworks */ = {isa = PBXBuildFile; fileRef = 775D512619496D95008B3108 /* XCTest.framework */; };
		775D512819496D95008B3108 /* Foundation.framework in Frameworks */ = {isa = PBXBuildFile; fileRef = 775D510D19496D95008B3108 /* Foundation.framework */; };
		775D512919496D95008B3108 /* UIKit.framework in Frameworks */ = {isa = PBXBuildFile; fileRef = 775D511119496D95008B3108 /* UIKit.framework */; };
		775D513119496D95008B3108 /* InfoPlist.strings in Resources */ = {isa = PBXBuildFile; fileRef = 775D512F19496D95008B3108 /* InfoPlist.strings */; };
		775D513319496D95008B3108 /* week2Tests.m in Sources */ = {isa = PBXBuildFile; fileRef = 775D513219496D95008B3108 /* week2Tests.m */; };
		775D513F19496F7E008B3108 /* LogInViewController.m in Sources */ = {isa = PBXBuildFile; fileRef = 775D513D19496F7E008B3108 /* LogInViewController.m */; };
		775D514019496F7E008B3108 /* LogInViewController.xib in Resources */ = {isa = PBXBuildFile; fileRef = 775D513E19496F7E008B3108 /* LogInViewController.xib */; };
		775D514619497A63008B3108 /* LogInTableViewController.m in Sources */ = {isa = PBXBuildFile; fileRef = 775D514519497A63008B3108 /* LogInTableViewController.m */; };
/* End PBXBuildFile section */

/* Begin PBXContainerItemProxy section */
		775D512A19496D95008B3108 /* PBXContainerItemProxy */ = {
			isa = PBXContainerItemProxy;
			containerPortal = 775D510219496D95008B3108 /* Project object */;
			proxyType = 1;
			remoteGlobalIDString = 775D510919496D95008B3108;
			remoteInfo = week2;
		};
/* End PBXContainerItemProxy section */

/* Begin PBXFileReference section */
		775D510A19496D95008B3108 /* week2.app */ = {isa = PBXFileReference; explicitFileType = wrapper.application; includeInIndex = 0; path = week2.app; sourceTree = BUILT_PRODUCTS_DIR; };
		775D510D19496D95008B3108 /* Foundation.framework */ = {isa = PBXFileReference; lastKnownFileType = wrapper.framework; name = Foundation.framework; path = System/Library/Frameworks/Foundation.framework; sourceTree = SDKROOT; };
		775D510F19496D95008B3108 /* CoreGraphics.framework */ = {isa = PBXFileReference; lastKnownFileType = wrapper.framework; name = CoreGraphics.framework; path = System/Library/Frameworks/CoreGraphics.framework; sourceTree = SDKROOT; };
		775D511119496D95008B3108 /* UIKit.framework */ = {isa = PBXFileReference; lastKnownFileType = wrapper.framework; name = UIKit.framework; path = System/Library/Frameworks/UIKit.framework; sourceTree = SDKROOT; };
		775D511519496D95008B3108 /* week2-Info.plist */ = {isa = PBXFileReference; lastKnownFileType = text.plist.xml; path = "week2-Info.plist"; sourceTree = "<group>"; };
		775D511719496D95008B3108 /* en */ = {isa = PBXFileReference; lastKnownFileType = text.plist.strings; name = en; path = en.lproj/InfoPlist.strings; sourceTree = "<group>"; };
		775D511919496D95008B3108 /* main.m */ = {isa = PBXFileReference; lastKnownFileType = sourcecode.c.objc; path = main.m; sourceTree = "<group>"; };
		775D511B19496D95008B3108 /* week2-Prefix.pch */ = {isa = PBXFileReference; lastKnownFileType = sourcecode.c.h; path = "week2-Prefix.pch"; sourceTree = "<group>"; };
		775D511C19496D95008B3108 /* AppDelegate.h */ = {isa = PBXFileReference; lastKnownFileType = sourcecode.c.h; path = AppDelegate.h; sourceTree = "<group>"; };
		775D511D19496D95008B3108 /* AppDelegate.m */ = {isa = PBXFileReference; lastKnownFileType = sourcecode.c.objc; path = AppDelegate.m; sourceTree = "<group>"; };
		775D511F19496D95008B3108 /* Images.xcassets */ = {isa = PBXFileReference; lastKnownFileType = folder.assetcatalog; path = Images.xcassets; sourceTree = "<group>"; };
		775D512519496D95008B3108 /* week2Tests.xctest */ = {isa = PBXFileReference; explicitFileType = wrapper.cfbundle; includeInIndex = 0; path = week2Tests.xctest; sourceTree = BUILT_PRODUCTS_DIR; };
		775D512619496D95008B3108 /* XCTest.framework */ = {isa = PBXFileReference; lastKnownFileType = wrapper.framework; name = XCTest.framework; path = Library/Frameworks/XCTest.framework; sourceTree = DEVELOPER_DIR; };
		775D512E19496D95008B3108 /* week2Tests-Info.plist */ = {isa = PBXFileReference; lastKnownFileType = text.plist.xml; path = "week2Tests-Info.plist"; sourceTree = "<group>"; };
		775D513019496D95008B3108 /* en */ = {isa = PBXFileReference; lastKnownFileType = text.plist.strings; name = en; path = en.lproj/InfoPlist.strings; sourceTree = "<group>"; };
		775D513219496D95008B3108 /* week2Tests.m */ = {isa = PBXFileReference; lastKnownFileType = sourcecode.c.objc; path = week2Tests.m; sourceTree = "<group>"; };
		775D513C19496F7E008B3108 /* LogInViewController.h */ = {isa = PBXFileReference; fileEncoding = 4; lastKnownFileType = sourcecode.c.h; path = LogInViewController.h; sourceTree = "<group>"; };
		775D513D19496F7E008B3108 /* LogInViewController.m */ = {isa = PBXFileReference; fileEncoding = 4; lastKnownFileType = sourcecode.c.objc; path = LogInViewController.m; sourceTree = "<group>"; };
		775D513E19496F7E008B3108 /* LogInViewController.xib */ = {isa = PBXFileReference; fileEncoding = 4; lastKnownFileType = file.xib; path = LogInViewController.xib; sourceTree = "<group>"; };
		775D514419497A63008B3108 /* LogInTableViewController.h */ = {isa = PBXFileReference; fileEncoding = 4; lastKnownFileType = sourcecode.c.h; path = LogInTableViewController.h; sourceTree = "<group>"; };
		775D514519497A63008B3108 /* LogInTableViewController.m */ = {isa = PBXFileReference; fileEncoding = 4; lastKnownFileType = sourcecode.c.objc; path = LogInTableViewController.m; sourceTree = "<group>"; };
/* End PBXFileReference section */

/* Begin PBXFrameworksBuildPhase section */
		775D510719496D95008B3108 /* Frameworks */ = {
			isa = PBXFrameworksBuildPhase;
			buildActionMask = 2147483647;
			files = (
				775D511019496D95008B3108 /* CoreGraphics.framework in Frameworks */,
				775D511219496D95008B3108 /* UIKit.framework in Frameworks */,
				775D510E19496D95008B3108 /* Foundation.framework in Frameworks */,
			);
			runOnlyForDeploymentPostprocessing = 0;
		};
		775D512219496D95008B3108 /* Frameworks */ = {
			isa = PBXFrameworksBuildPhase;
			buildActionMask = 2147483647;
			files = (
				775D512719496D95008B3108 /* XCTest.framework in Frameworks */,
				775D512919496D95008B3108 /* UIKit.framework in Frameworks */,
				775D512819496D95008B3108 /* Foundation.framework in Frameworks */,
			);
			runOnlyForDeploymentPostprocessing = 0;
		};
/* End PBXFrameworksBuildPhase section */

/* Begin PBXGroup section */
		775D510119496D95008B3108 = {
			isa = PBXGroup;
			children = (
				775D511319496D95008B3108 /* week2 */,
				775D512C19496D95008B3108 /* week2Tests */,
				775D510C19496D95008B3108 /* Frameworks */,
				775D510B19496D95008B3108 /* Products */,
			);
			sourceTree = "<group>";
		};
		775D510B19496D95008B3108 /* Products */ = {
			isa = PBXGroup;
			children = (
				775D510A19496D95008B3108 /* week2.app */,
				775D512519496D95008B3108 /* week2Tests.xctest */,
			);
			name = Products;
			sourceTree = "<group>";
		};
		775D510C19496D95008B3108 /* Frameworks */ = {
			isa = PBXGroup;
			children = (
				775D510D19496D95008B3108 /* Foundation.framework */,
				775D510F19496D95008B3108 /* CoreGraphics.framework */,
				775D511119496D95008B3108 /* UIKit.framework */,
				775D512619496D95008B3108 /* XCTest.framework */,
			);
			name = Frameworks;
			sourceTree = "<group>";
		};
		775D511319496D95008B3108 /* week2 */ = {
			isa = PBXGroup;
			children = (
				775D511C19496D95008B3108 /* AppDelegate.h */,
				775D511D19496D95008B3108 /* AppDelegate.m */,
				775D511F19496D95008B3108 /* Images.xcassets */,
				775D511419496D95008B3108 /* Supporting Files */,
				775D513C19496F7E008B3108 /* LogInViewController.h */,
				775D513D19496F7E008B3108 /* LogInViewController.m */,
				775D513E19496F7E008B3108 /* LogInViewController.xib */,
				775D514419497A63008B3108 /* LogInTableViewController.h */,
				775D514519497A63008B3108 /* LogInTableViewController.m */,
			);
			path = week2;
			sourceTree = "<group>";
		};
		775D511419496D95008B3108 /* Supporting Files */ = {
			isa = PBXGroup;
			children = (
				775D511519496D95008B3108 /* week2-Info.plist */,
				775D511619496D95008B3108 /* InfoPlist.strings */,
				775D511919496D95008B3108 /* main.m */,
				775D511B19496D95008B3108 /* week2-Prefix.pch */,
			);
			name = "Supporting Files";
			sourceTree = "<group>";
		};
		775D512C19496D95008B3108 /* week2Tests */ = {
			isa = PBXGroup;
			children = (
				775D513219496D95008B3108 /* week2Tests.m */,
				775D512D19496D95008B3108 /* Supporting Files */,
			);
			path = week2Tests;
			sourceTree = "<group>";
		};
		775D512D19496D95008B3108 /* Supporting Files */ = {
			isa = PBXGroup;
			children = (
				775D512E19496D95008B3108 /* week2Tests-Info.plist */,
				775D512F19496D95008B3108 /* InfoPlist.strings */,
			);
			name = "Supporting Files";
			sourceTree = "<group>";
		};
/* End PBXGroup section */

/* Begin PBXNativeTarget section */
		775D510919496D95008B3108 /* week2 */ = {
			isa = PBXNativeTarget;
			buildConfigurationList = 775D513619496D95008B3108 /* Build configuration list for PBXNativeTarget "week2" */;
			buildPhases = (
				775D510619496D95008B3108 /* Sources */,
				775D510719496D95008B3108 /* Frameworks */,
				775D510819496D95008B3108 /* Resources */,
			);
			buildRules = (
			);
			dependencies = (
			);
			name = week2;
			productName = week2;
			productReference = 775D510A19496D95008B3108 /* week2.app */;
			productType = "com.apple.product-type.application";
		};
		775D512419496D95008B3108 /* week2Tests */ = {
			isa = PBXNativeTarget;
			buildConfigurationList = 775D513919496D95008B3108 /* Build configuration list for PBXNativeTarget "week2Tests" */;
			buildPhases = (
				775D512119496D95008B3108 /* Sources */,
				775D512219496D95008B3108 /* Frameworks */,
				775D512319496D95008B3108 /* Resources */,
			);
			buildRules = (
			);
			dependencies = (
				775D512B19496D95008B3108 /* PBXTargetDependency */,
			);
			name = week2Tests;
			productName = week2Tests;
			productReference = 775D512519496D95008B3108 /* week2Tests.xctest */;
			productType = "com.apple.product-type.bundle.unit-test";
		};
/* End PBXNativeTarget section */

/* Begin PBXProject section */
		775D510219496D95008B3108 /* Project object */ = {
			isa = PBXProject;
			attributes = {
				LastUpgradeCheck = 0510;
				ORGANIZATIONNAME = "Christine Chao";
				TargetAttributes = {
					775D512419496D95008B3108 = {
						TestTargetID = 775D510919496D95008B3108;
					};
				};
			};
			buildConfigurationList = 775D510519496D95008B3108 /* Build configuration list for PBXProject "week2" */;
			compatibilityVersion = "Xcode 3.2";
			developmentRegion = English;
			hasScannedForEncodings = 0;
			knownRegions = (
				en,
			);
			mainGroup = 775D510119496D95008B3108;
			productRefGroup = 775D510B19496D95008B3108 /* Products */;
			projectDirPath = "";
			projectRoot = "";
			targets = (
				775D510919496D95008B3108 /* week2 */,
				775D512419496D95008B3108 /* week2Tests */,
			);
		};
/* End PBXProject section */

/* Begin PBXResourcesBuildPhase section */
		775D510819496D95008B3108 /* Resources */ = {
			isa = PBXResourcesBuildPhase;
			buildActionMask = 2147483647;
			files = (
				775D511819496D95008B3108 /* InfoPlist.strings in Resources */,
				775D512019496D95008B3108 /* Images.xcassets in Resources */,
				775D514019496F7E008B3108 /* LogInViewController.xib in Resources */,
			);
			runOnlyForDeploymentPostprocessing = 0;
		};
		775D512319496D95008B3108 /* Resources */ = {
			isa = PBXResourcesBuildPhase;
			buildActionMask = 2147483647;
			files = (
				775D513119496D95008B3108 /* InfoPlist.strings in Resources */,
			);
			runOnlyForDeploymentPostprocessing = 0;
		};
/* End PBXResourcesBuildPhase section */

/* Begin PBXSourcesBuildPhase section */
		775D510619496D95008B3108 /* Sources */ = {
			isa = PBXSourcesBuildPhase;
			buildActionMask = 2147483647;
			files = (
				775D511E19496D95008B3108 /* AppDelegate.m in Sources */,
				775D514619497A63008B3108 /* LogInTableViewController.m in Sources */,
				775D511A19496D95008B3108 /* main.m in Sources */,
				775D513F19496F7E008B3108 /* LogInViewController.m in Sources */,
			);
			runOnlyForDeploymentPostprocessing = 0;
		};
		775D512119496D95008B3108 /* Sources */ = {
			isa = PBXSourcesBuildPhase;
			buildActionMask = 2147483647;
			files = (
				775D513319496D95008B3108 /* week2Tests.m in Sources */,
			);
			runOnlyForDeploymentPostprocessing = 0;
		};
/* End PBXSourcesBuildPhase section */

/* Begin PBXTargetDependency section */
		775D512B19496D95008B3108 /* PBXTargetDependency */ = {
			isa = PBXTargetDependency;
			target = 775D510919496D95008B3108 /* week2 */;
			targetProxy = 775D512A19496D95008B3108 /* PBXContainerItemProxy */;
		};
/* End PBXTargetDependency section */

/* Begin PBXVariantGroup section */
		775D511619496D95008B3108 /* InfoPlist.strings */ = {
			isa = PBXVariantGroup;
			children = (
				775D511719496D95008B3108 /* en */,
			);
			name = InfoPlist.strings;
			sourceTree = "<group>";
		};
		775D512F19496D95008B3108 /* InfoPlist.strings */ = {
			isa = PBXVariantGroup;
			children = (
				775D513019496D95008B3108 /* en */,
			);
			name = InfoPlist.strings;
			sourceTree = "<group>";
		};
/* End PBXVariantGroup section */

/* Begin XCBuildConfiguration section */
		775D513419496D95008B3108 /* Debug */ = {
			isa = XCBuildConfiguration;
			buildSettings = {
				ALWAYS_SEARCH_USER_PATHS = NO;
				CLANG_CXX_LANGUAGE_STANDARD = "gnu++0x";
				CLANG_CXX_LIBRARY = "libc++";
				CLANG_ENABLE_MODULES = YES;
				CLANG_ENABLE_OBJC_ARC = YES;
				CLANG_WARN_BOOL_CONVERSION = YES;
				CLANG_WARN_CONSTANT_CONVERSION = YES;
				CLANG_WARN_DIRECT_OBJC_ISA_USAGE = YES_ERROR;
				CLANG_WARN_EMPTY_BODY = YES;
				CLANG_WARN_ENUM_CONVERSION = YES;
				CLANG_WARN_INT_CONVERSION = YES;
				CLANG_WARN_OBJC_ROOT_CLASS = YES_ERROR;
				CLANG_WARN__DUPLICATE_METHOD_MATCH = YES;
				"CODE_SIGN_IDENTITY[sdk=iphoneos*]" = "iPhone Developer";
				COPY_PHASE_STRIP = NO;
				GCC_C_LANGUAGE_STANDARD = gnu99;
				GCC_DYNAMIC_NO_PIC = NO;
				GCC_OPTIMIZATION_LEVEL = 0;
				GCC_PREPROCESSOR_DEFINITIONS = (
					"DEBUG=1",
					"$(inherited)",
				);
				GCC_SYMBOLS_PRIVATE_EXTERN = NO;
				GCC_WARN_64_TO_32_BIT_CONVERSION = YES;
				GCC_WARN_ABOUT_RETURN_TYPE = YES_ERROR;
				GCC_WARN_UNDECLARED_SELECTOR = YES;
				GCC_WARN_UNINITIALIZED_AUTOS = YES_AGGRESSIVE;
				GCC_WARN_UNUSED_FUNCTION = YES;
				GCC_WARN_UNUSED_VARIABLE = YES;
				IPHONEOS_DEPLOYMENT_TARGET = 7.1;
				ONLY_ACTIVE_ARCH = YES;
				SDKROOT = iphoneos;
			};
			name = Debug;
		};
		775D513519496D95008B3108 /* Release */ = {
			isa = XCBuildConfiguration;
			buildSettings = {
				ALWAYS_SEARCH_USER_PATHS = NO;
				CLANG_CXX_LANGUAGE_STANDARD = "gnu++0x";
				CLANG_CXX_LIBRARY = "libc++";
				CLANG_ENABLE_MODULES = YES;
				CLANG_ENABLE_OBJC_ARC = YES;
				CLANG_WARN_BOOL_CONVERSION = YES;
				CLANG_WARN_CONSTANT_CONVERSION = YES;
				CLANG_WARN_DIRECT_OBJC_ISA_USAGE = YES_ERROR;
				CLANG_WARN_EMPTY_BODY = YES;
				CLANG_WARN_ENUM_CONVERSION = YES;
				CLANG_WARN_INT_CONVERSION = YES;
				CLANG_WARN_OBJC_ROOT_CLASS = YES_ERROR;
				CLANG_WARN__DUPLICATE_METHOD_MATCH = YES;
				"CODE_SIGN_IDENTITY[sdk=iphoneos*]" = "iPhone Developer";
				COPY_PHASE_STRIP = YES;
				ENABLE_NS_ASSERTIONS = NO;
				GCC_C_LANGUAGE_STANDARD = gnu99;
				GCC_WARN_64_TO_32_BIT_CONVERSION = YES;
				GCC_WARN_ABOUT_RETURN_TYPE = YES_ERROR;
				GCC_WARN_UNDECLARED_SELECTOR = YES;
				GCC_WARN_UNINITIALIZED_AUTOS = YES_AGGRESSIVE;
				GCC_WARN_UNUSED_FUNCTION = YES;
				GCC_WARN_UNUSED_VARIABLE = YES;
				IPHONEOS_DEPLOYMENT_TARGET = 7.1;
				SDKROOT = iphoneos;
				VALIDATE_PRODUCT = YES;
			};
			name = Release;
		};
		775D513719496D95008B3108 /* Debug */ = {
			isa = XCBuildConfiguration;
			buildSettings = {
				ASSETCATALOG_COMPILER_APPICON_NAME = AppIcon;
				ASSETCATALOG_COMPILER_LAUNCHIMAGE_NAME = LaunchImage;
				GCC_PRECOMPILE_PREFIX_HEADER = YES;
				GCC_PREFIX_HEADER = "week2/week2-Prefix.pch";
				INFOPLIST_FILE = "week2/week2-Info.plist";
				PRODUCT_NAME = "$(TARGET_NAME)";
				WRAPPER_EXTENSION = app;
			};
			name = Debug;
		};
		775D513819496D95008B3108 /* Release */ = {
			isa = XCBuildConfiguration;
			buildSettings = {
				ASSETCATALOG_COMPILER_APPICON_NAME = AppIcon;
				ASSETCATALOG_COMPILER_LAUNCHIMAGE_NAME = LaunchImage;
				GCC_PRECOMPILE_PREFIX_HEADER = YES;
				GCC_PREFIX_HEADER = "week2/week2-Prefix.pch";
				INFOPLIST_FILE = "week2/week2-Info.plist";
				PRODUCT_NAME = "$(TARGET_NAME)";
				WRAPPER_EXTENSION = app;
			};
			name = Release;
		};
		775D513A19496D95008B3108 /* Debug */ = {
			isa = XCBuildConfiguration;
			buildSettings = {
				BUNDLE_LOADER = "$(BUILT_PRODUCTS_DIR)/week2.app/week2";
				FRAMEWORK_SEARCH_PATHS = (
					"$(SDKROOT)/Developer/Library/Frameworks",
					"$(inherited)",
					"$(DEVELOPER_FRAMEWORKS_DIR)",
				);
				GCC_PRECOMPILE_PREFIX_HEADER = YES;
				GCC_PREFIX_HEADER = "week2/week2-Prefix.pch";
				GCC_PREPROCESSOR_DEFINITIONS = (
					"DEBUG=1",
					"$(inherited)",
				);
				INFOPLIST_FILE = "week2Tests/week2Tests-Info.plist";
				PRODUCT_NAME = "$(TARGET_NAME)";
				TEST_HOST = "$(BUNDLE_LOADER)";
				WRAPPER_EXTENSION = xctest;
			};
			name = Debug;
		};
		775D513B19496D95008B3108 /* Release */ = {
			isa = XCBuildConfiguration;
			buildSettings = {
				BUNDLE_LOADER = "$(BUILT_PRODUCTS_DIR)/week2.app/week2";
				FRAMEWORK_SEARCH_PATHS = (
					"$(SDKROOT)/Developer/Library/Frameworks",
					"$(inherited)",
					"$(DEVELOPER_FRAMEWORKS_DIR)",
				);
				GCC_PRECOMPILE_PREFIX_HEADER = YES;
				GCC_PREFIX_HEADER = "week2/week2-Prefix.pch";
				INFOPLIST_FILE = "week2Tests/week2Tests-Info.plist";
				PRODUCT_NAME = "$(TARGET_NAME)";
				TEST_HOST = "$(BUNDLE_LOADER)";
				WRAPPER_EXTENSION = xctest;
			};
			name = Release;
		};
/* End XCBuildConfiguration section */

/* Begin XCConfigurationList section */
		775D510519496D95008B3108 /* Build configuration list for PBXProject "week2" */ = {
			isa = XCConfigurationList;
			buildConfigurations = (
				775D513419496D95008B3108 /* Debug */,
				775D513519496D95008B3108 /* Release */,
			);
			defaultConfigurationIsVisible = 0;
			defaultConfigurationName = Release;
		};
		775D513619496D95008B3108 /* Build configuration list for PBXNativeTarget "week2" */ = {
			isa = XCConfigurationList;
			buildConfigurations = (
				775D513719496D95008B3108 /* Debug */,
				775D513819496D95008B3108 /* Release */,
			);
			defaultConfigurationIsVisible = 0;
		};
		775D513919496D95008B3108 /* Build configuration list for PBXNativeTarget "week2Tests" */ = {
			isa = XCConfigurationList;
			buildConfigurations = (
				775D513A19496D95008B3108 /* Debug */,
				775D513B19496D95008B3108 /* Release */,
			);
			defaultConfigurationIsVisible = 0;
		};
/* End XCConfigurationList section */
	};
	rootObject = 775D510219496D95008B3108 /* Project object */;
}
